
Microsoft Visual Studio Solution File, Format Version 12.00
# Visual Studio Version 16
VisualStudioVersion = 16.0.32413.511
MinimumVisualStudioVersion = 10.0.40219.1
Project("{FAE04EC0-301F-11D3-BF4B-00C04F79EFBC}") = "ExceptionLogToTextFile", "ExceptionLogToTextFile\ExceptionLogToTextFile.csproj", "{C8F88393-E83A-44C7-A077-4AE1E98B6DEB}"
EndProject
Global
	GlobalSection(SolutionConfigurationPlatforms) = preSolution
		Debug|Any CPU = Debug|Any CPU
		Release|Any CPU = Release|Any CPU
	EndGlobalSection
	GlobalSection(ProjectConfigurationPlatforms) = postSolution
		{C8F88393-E83A-44C7-A077-4AE1E98B6DEB}.Debug|Any CPU.ActiveCfg = Debug|Any CPU
		{C8F88393-E83A-44C7-A077-4AE1E98B6DEB}.Debug|Any CPU.Build.0 = Debug|Any CPU
		{C8F88393-E83A-44C7-A077-4AE1E98B6DEB}.Release|Any CPU.ActiveCfg = Release|Any CPU
		{C8F88393-E83A-44C7-A077-4AE1E98B6DEB}.Release|Any CPU.Build.0 = Release|Any CPU
	EndGlobalSection
	GlobalSection(SolutionProperties) = preSolution
		HideSolutionNode = FALSE
	EndGlobalSection
	GlobalSection(ExtensibilityGlobals) = postSolution
		SolutionGuid = {4D6399D8-9B3B-4D89-972E-8AEECF5FE191}
	EndGlobalSection
EndGlobal
